
Microsoft Visual Studio Solution File, Format Version 12.00
# Visual Studio Version 17
VisualStudioVersion = 17.11.35431.28
MinimumVisualStudioVersion = 10.0.40219.1
Project("{FAE04EC0-301F-11D3-BF4B-00C04F79EFBC}") = "ElectronicJournalsApi", "ElectronicJournalsApi\ElectronicJournalsApi.csproj", "{6EA9F56D-71B1-4FF5-84D1-9C0BA97126F0}"
EndProject
Global
	GlobalSection(SolutionConfigurationPlatforms) = preSolution
		Debug|Any CPU = Debug|Any CPU
		Release|Any CPU = Release|Any CPU
	EndGlobalSection
	GlobalSection(ProjectConfigurationPlatforms) = postSolution
		{6EA9F56D-71B1-4FF5-84D1-9C0BA97126F0}.Debug|Any CPU.ActiveCfg = Debug|Any CPU
		{6EA9F56D-71B1-4FF5-84D1-9C0BA97126F0}.Debug|Any CPU.Build.0 = Debug|Any CPU
		{6EA9F56D-71B1-4FF5-84D1-9C0BA97126F0}.Release|Any CPU.ActiveCfg = Release|Any CPU
		{6EA9F56D-71B1-4FF5-84D1-9C0BA97126F0}.Release|Any CPU.Build.0 = Release|Any CPU
	EndGlobalSection
	GlobalSection(SolutionProperties) = preSolution
		HideSolutionNode = FALSE
	EndGlobalSection
	GlobalSection(ExtensibilityGlobals) = postSolution
		SolutionGuid = {C29B19FA-2DEF-4F55-9765-67978B3608AF}
	EndGlobalSection
EndGlobal
