
Microsoft Visual Studio Solution File, Format Version 12.00
# Visual Studio Version 17
VisualStudioVersion = 17.11.35431.28
MinimumVisualStudioVersion = 10.0.40219.1
Project("{9A19103F-16F7-4668-BE54-9A1E7A4F7556}") = "ElectronicJournalApi", "ElectronicJournalsApi\ElectronicJournalApi.csproj", "{6EA9F56D-71B1-4FF5-84D1-9C0BA97126F0}"
EndProject
Project("{2150E333-8FDC-42A3-9474-1A3956D46DE8}") = "Элементы решения", "Элементы решения", "{45BDFC9E-98CD-4D76-80E8-3C04CCB4A57A}"
	ProjectSection(SolutionItems) = preProject
		.gitignore = .gitignore
	EndProjectSection
EndProject
Project("{9A19103F-16F7-4668-BE54-9A1E7A4F7556}") = "ElectronicJournalApp", "ElectronicJournalApp\ElectronicJournalApp.csproj", "{44B97E17-A28D-403B-BC8C-CF7F8B84B5A1}"
EndProject
Project("{FAE04EC0-301F-11D3-BF4B-00C04F79EFBC}") = "ElectronicJournalsApiUnitTests", "ElectronicJournalsApiUnitTests\ElectronicJournalsApiUnitTests.csproj", "{FB5BF3B5-C7D0-40C5-918A-032FFA0EA892}"
EndProject
Global
	GlobalSection(SolutionConfigurationPlatforms) = preSolution
		Debug|Any CPU = Debug|Any CPU
		Release|Any CPU = Release|Any CPU
	EndGlobalSection
	GlobalSection(ProjectConfigurationPlatforms) = postSolution
		{6EA9F56D-71B1-4FF5-84D1-9C0BA97126F0}.Debug|Any CPU.ActiveCfg = Debug|Any CPU
		{6EA9F56D-71B1-4FF5-84D1-9C0BA97126F0}.Debug|Any CPU.Build.0 = Debug|Any CPU
		{6EA9F56D-71B1-4FF5-84D1-9C0BA97126F0}.Release|Any CPU.ActiveCfg = Release|Any CPU
		{6EA9F56D-71B1-4FF5-84D1-9C0BA97126F0}.Release|Any CPU.Build.0 = Release|Any CPU
		{44B97E17-A28D-403B-BC8C-CF7F8B84B5A1}.Debug|Any CPU.ActiveCfg = Debug|Any CPU
		{44B97E17-A28D-403B-BC8C-CF7F8B84B5A1}.Debug|Any CPU.Build.0 = Debug|Any CPU
		{44B97E17-A28D-403B-BC8C-CF7F8B84B5A1}.Release|Any CPU.ActiveCfg = Release|Any CPU
		{44B97E17-A28D-403B-BC8C-CF7F8B84B5A1}.Release|Any CPU.Build.0 = Release|Any CPU
		{FB5BF3B5-C7D0-40C5-918A-032FFA0EA892}.Debug|Any CPU.ActiveCfg = Debug|Any CPU
		{FB5BF3B5-C7D0-40C5-918A-032FFA0EA892}.Debug|Any CPU.Build.0 = Debug|Any CPU
		{FB5BF3B5-C7D0-40C5-918A-032FFA0EA892}.Release|Any CPU.ActiveCfg = Release|Any CPU
		{FB5BF3B5-C7D0-40C5-918A-032FFA0EA892}.Release|Any CPU.Build.0 = Release|Any CPU
	EndGlobalSection
	GlobalSection(SolutionProperties) = preSolution
		HideSolutionNode = FALSE
	EndGlobalSection
	GlobalSection(ExtensibilityGlobals) = postSolution
		SolutionGuid = {C29B19FA-2DEF-4F55-9765-67978B3608AF}
	EndGlobalSection
EndGlobal
